
Microsoft Visual Studio Solution File, Format Version 12.00
# Visual Studio Version 16
VisualStudioVersion = 16.0.30225.117
MinimumVisualStudioVersion = 10.0.40219.1
Project("{FAE04EC0-301F-11D3-BF4B-00C04F79EFBC}") = "Movies.Server.SelfHost", "Movies.Server.SelfHost\Movies.Server.SelfHost.csproj", "{FC4BD72B-4C7E-4D9A-ACE6-47DA867A48B4}"
EndProject
Project("{FAE04EC0-301F-11D3-BF4B-00C04F79EFBC}") = "Movies.Models", "Movies.Models\Movies.Models.csproj", "{985530D1-AB22-4B4C-A98D-1133149E5784}"
EndProject
Project("{FAE04EC0-301F-11D3-BF4B-00C04F79EFBC}") = "Utils", "Utils\Utils.csproj", "{2A2DB505-F285-496B-9E75-8A19945BE466}"
EndProject
Project("{FAE04EC0-301F-11D3-BF4B-00C04F79EFBC}") = "Movies.Business", "Movies.Business\Movies.Business.csproj", "{91D6EFAA-440C-423D-9B3B-0571CC55AF04}"
EndProject
Project("{FAE04EC0-301F-11D3-BF4B-00C04F79EFBC}") = "Movies.Database", "Movies.Database\Movies.Database.csproj", "{EAB329DD-6AB2-4B6E-B800-443CFC920F4A}"
EndProject
Project("{FAE04EC0-301F-11D3-BF4B-00C04F79EFBC}") = "Movies.Interfaces", "Movies.Interfaces\Movies.Interfaces.csproj", "{10777AF7-E041-4D58-B90C-B8852C386789}"
EndProject
Global
	GlobalSection(SolutionConfigurationPlatforms) = preSolution
		Debug|Any CPU = Debug|Any CPU
		Release|Any CPU = Release|Any CPU
	EndGlobalSection
	GlobalSection(ProjectConfigurationPlatforms) = postSolution
		{FC4BD72B-4C7E-4D9A-ACE6-47DA867A48B4}.Debug|Any CPU.ActiveCfg = Debug|Any CPU
		{FC4BD72B-4C7E-4D9A-ACE6-47DA867A48B4}.Debug|Any CPU.Build.0 = Debug|Any CPU
		{FC4BD72B-4C7E-4D9A-ACE6-47DA867A48B4}.Release|Any CPU.ActiveCfg = Release|Any CPU
		{FC4BD72B-4C7E-4D9A-ACE6-47DA867A48B4}.Release|Any CPU.Build.0 = Release|Any CPU
		{985530D1-AB22-4B4C-A98D-1133149E5784}.Debug|Any CPU.ActiveCfg = Debug|Any CPU
		{985530D1-AB22-4B4C-A98D-1133149E5784}.Debug|Any CPU.Build.0 = Debug|Any CPU
		{985530D1-AB22-4B4C-A98D-1133149E5784}.Release|Any CPU.ActiveCfg = Release|Any CPU
		{985530D1-AB22-4B4C-A98D-1133149E5784}.Release|Any CPU.Build.0 = Release|Any CPU
		{2A2DB505-F285-496B-9E75-8A19945BE466}.Debug|Any CPU.ActiveCfg = Debug|Any CPU
		{2A2DB505-F285-496B-9E75-8A19945BE466}.Debug|Any CPU.Build.0 = Debug|Any CPU
		{2A2DB505-F285-496B-9E75-8A19945BE466}.Release|Any CPU.ActiveCfg = Release|Any CPU
		{2A2DB505-F285-496B-9E75-8A19945BE466}.Release|Any CPU.Build.0 = Release|Any CPU
		{91D6EFAA-440C-423D-9B3B-0571CC55AF04}.Debug|Any CPU.ActiveCfg = Debug|Any CPU
		{91D6EFAA-440C-423D-9B3B-0571CC55AF04}.Debug|Any CPU.Build.0 = Debug|Any CPU
		{91D6EFAA-440C-423D-9B3B-0571CC55AF04}.Release|Any CPU.ActiveCfg = Release|Any CPU
		{91D6EFAA-440C-423D-9B3B-0571CC55AF04}.Release|Any CPU.Build.0 = Release|Any CPU
		{EAB329DD-6AB2-4B6E-B800-443CFC920F4A}.Debug|Any CPU.ActiveCfg = Debug|Any CPU
		{EAB329DD-6AB2-4B6E-B800-443CFC920F4A}.Debug|Any CPU.Build.0 = Debug|Any CPU
		{EAB329DD-6AB2-4B6E-B800-443CFC920F4A}.Release|Any CPU.ActiveCfg = Release|Any CPU
		{EAB329DD-6AB2-4B6E-B800-443CFC920F4A}.Release|Any CPU.Build.0 = Release|Any CPU
		{10777AF7-E041-4D58-B90C-B8852C386789}.Debug|Any CPU.ActiveCfg = Debug|Any CPU
		{10777AF7-E041-4D58-B90C-B8852C386789}.Debug|Any CPU.Build.0 = Debug|Any CPU
		{10777AF7-E041-4D58-B90C-B8852C386789}.Release|Any CPU.ActiveCfg = Release|Any CPU
		{10777AF7-E041-4D58-B90C-B8852C386789}.Release|Any CPU.Build.0 = Release|Any CPU
	EndGlobalSection
	GlobalSection(SolutionProperties) = preSolution
		HideSolutionNode = FALSE
	EndGlobalSection
	GlobalSection(ExtensibilityGlobals) = postSolution
		SolutionGuid = {C54FCA20-027E-4AF8-8F28-02817F3037B9}
	EndGlobalSection
EndGlobal
